{
  "originHash" : "7b5e54f81ac1ebaa640945691cb38c371b637198701f04fba811702fc8e7067e",
  "pins" : [
    {
      "identity" : "sentry-cocoa",
      "kind" : "remoteSourceControl",
      "location" : "https://github.com/getsentry/sentry-cocoa.git",
      "state" : {
        "revision" : "8fd4e804f2e72e0b9c1b189ce4e8349c4d10b6a2",
        "version" : "8.30.0"
      }
    }
  ],
  "version" : 3
}
