// !$*UTF8*$!
{
	archiveVersion = 1;
	classes = {
	};
	objectVersion = 56;
	objects = {

/* Begin PBXBuildFile section */
		721F24B52BACE8BD0034F241 /* PersistenceManager.swift in Sources */ = {isa = PBXBuildFile; fileRef = 721F24B42BACE8BD0034F241 /* PersistenceManager.swift */; };
		721F24B72BACEE5E0034F241 /* FavoriteCell.swift in Sources */ = {isa = PBXBuildFile; fileRef = 721F24B62BACEE5E0034F241 /* FavoriteCell.swift */; };
		7220EB6A2BAB64A1007136E3 /* GFEmptyStateView.swift in Sources */ = {isa = PBXBuildFile; fileRef = 7220EB692BAB64A1007136E3 /* GFEmptyStateView.swift */; };
		723878952BA77C6400D0AB0D /* Follower.swift in Sources */ = {isa = PBXBuildFile; fileRef = 723878942BA77C6400D0AB0D /* Follower.swift */; };
		723878972BA77CE300D0AB0D /* User.swift in Sources */ = {isa = PBXBuildFile; fileRef = 723878962BA77CE300D0AB0D /* User.swift */; };
		7238789A2BA7816800D0AB0D /* NetworkManager.swift in Sources */ = {isa = PBXBuildFile; fileRef = 723878992BA7816800D0AB0D /* NetworkManager.swift */; };
		7238789D2BA78AA100D0AB0D /* GFError.swift in Sources */ = {isa = PBXBuildFile; fileRef = 7238789C2BA78AA100D0AB0D /* GFError.swift */; };
		723878A02BA78F1B00D0AB0D /* FollowerCell.swift in Sources */ = {isa = PBXBuildFile; fileRef = 7238789F2BA78F1B00D0AB0D /* FollowerCell.swift */; };
		723878A22BA78F6B00D0AB0D /* GFAvatarImageView.swift in Sources */ = {isa = PBXBuildFile; fileRef = 723878A12BA78F6B00D0AB0D /* GFAvatarImageView.swift */; };
		723878A62BA8CCF000D0AB0D /* UIHelper.swift in Sources */ = {isa = PBXBuildFile; fileRef = 723878A52BA8CCF000D0AB0D /* UIHelper.swift */; };
		7245DC8F2BAC987700F18C15 /* UserInfoViewController.swift in Sources */ = {isa = PBXBuildFile; fileRef = 7245DC8E2BAC987700F18C15 /* UserInfoViewController.swift */; };
		7245DC912BACA97600F18C15 /* GFUserInfoHeaderViewController.swift in Sources */ = {isa = PBXBuildFile; fileRef = 7245DC902BACA97600F18C15 /* GFUserInfoHeaderViewController.swift */; };
		7245DC932BACA9B100F18C15 /* GFSecondaryTitleLabel.swift in Sources */ = {isa = PBXBuildFile; fileRef = 7245DC922BACA9B100F18C15 /* GFSecondaryTitleLabel.swift */; };
		7245DC952BACAF0F00F18C15 /* Constants.swift in Sources */ = {isa = PBXBuildFile; fileRef = 7245DC942BACAF0F00F18C15 /* Constants.swift */; };
		7245DC992BACB74800F18C15 /* GFItemInfoView.swift in Sources */ = {isa = PBXBuildFile; fileRef = 7245DC982BACB74800F18C15 /* GFItemInfoView.swift */; };
		7245DC9B2BACBB2D00F18C15 /* GFItemInfoViewController.swift in Sources */ = {isa = PBXBuildFile; fileRef = 7245DC9A2BACBB2D00F18C15 /* GFItemInfoViewController.swift */; };
		7245DC9D2BACBE5600F18C15 /* GFRepoItemVC.swift in Sources */ = {isa = PBXBuildFile; fileRef = 7245DC9C2BACBE5600F18C15 /* GFRepoItemVC.swift */; };
		7245DC9F2BACC02100F18C15 /* GFFollowerItemVC.swift in Sources */ = {isa = PBXBuildFile; fileRef = 7245DC9E2BACC02100F18C15 /* GFFollowerItemVC.swift */; };
		7245DCA22BACC2EE00F18C15 /* Date+Ext.swift in Sources */ = {isa = PBXBuildFile; fileRef = 7245DCA12BACC2EE00F18C15 /* Date+Ext.swift */; };
		7263DA8F2BAF08780049DCAB /* GFDataLoadingViewController.swift in Sources */ = {isa = PBXBuildFile; fileRef = 7263DA8E2BAF08780049DCAB /* GFDataLoadingViewController.swift */; };
		7263DA912BAF10110049DCAB /* UIView+Ext.swift in Sources */ = {isa = PBXBuildFile; fileRef = 7263DA902BAF10110049DCAB /* UIView+Ext.swift */; };
		7263DA932BAF16C20049DCAB /* UITableView+Ext.swift in Sources */ = {isa = PBXBuildFile; fileRef = 7263DA922BAF16C20049DCAB /* UITableView+Ext.swift */; };
		729D88562BA72D6700E72AAB /* GFTitleLabel.swift in Sources */ = {isa = PBXBuildFile; fileRef = 729D88552BA72D6700E72AAB /* GFTitleLabel.swift */; };
		729D88582BA72EA600E72AAB /* GFBodyLabel.swift in Sources */ = {isa = PBXBuildFile; fileRef = 729D88572BA72EA600E72AAB /* GFBodyLabel.swift */; };
		729D885A2BA72F5B00E72AAB /* GFAlertViewController.swift in Sources */ = {isa = PBXBuildFile; fileRef = 729D88592BA72F5B00E72AAB /* GFAlertViewController.swift */; };
		729D885C2BA7330500E72AAB /* UIViewController+Ext.swift in Sources */ = {isa = PBXBuildFile; fileRef = 729D885B2BA7330500E72AAB /* UIViewController+Ext.swift */; };
		72A9B9B12BADA63700B126D1 /* GFTabBarController.swift in Sources */ = {isa = PBXBuildFile; fileRef = 72A9B9B02BADA63700B126D1 /* GFTabBarController.swift */; };
		72A9B9B32BADABF600B126D1 /* GFAlertContainerView.swift in Sources */ = {isa = PBXBuildFile; fileRef = 72A9B9B22BADABF600B126D1 /* GFAlertContainerView.swift */; };
		72F9110C2BA3817900666638 /* AppDelegate.swift in Sources */ = {isa = PBXBuildFile; fileRef = 72F9110B2BA3817900666638 /* AppDelegate.swift */; };
		72F9110E2BA3817900666638 /* SceneDelegate.swift in Sources */ = {isa = PBXBuildFile; fileRef = 72F9110D2BA3817900666638 /* SceneDelegate.swift */; };
		72F911152BA3817B00666638 /* Assets.xcassets in Resources */ = {isa = PBXBuildFile; fileRef = 72F911142BA3817B00666638 /* Assets.xcassets */; };
		72F911182BA3817B00666638 /* LaunchScreen.storyboard in Resources */ = {isa = PBXBuildFile; fileRef = 72F911162BA3817B00666638 /* LaunchScreen.storyboard */; };
		72F911202BA386E200666638 /* SearchViewController.swift in Sources */ = {isa = PBXBuildFile; fileRef = 72F9111F2BA386E200666638 /* SearchViewController.swift */; };
		72F911222BA3870400666638 /* FavoritesListViewController.swift in Sources */ = {isa = PBXBuildFile; fileRef = 72F911212BA3870400666638 /* FavoritesListViewController.swift */; };
		72F911242BA445E500666638 /* GFButton.swift in Sources */ = {isa = PBXBuildFile; fileRef = 72F911232BA445E500666638 /* GFButton.swift */; };
		72F911262BA44D3500666638 /* GFTextField.swift in Sources */ = {isa = PBXBuildFile; fileRef = 72F911252BA44D3500666638 /* GFTextField.swift */; };
		72F9112A2BA4564400666638 /* FollowerListViewController.swift in Sources */ = {isa = PBXBuildFile; fileRef = 72F911292BA4564400666638 /* FollowerListViewController.swift */; };
/* End PBXBuildFile section */

/* Begin PBXFileReference section */
		721F24B42BACE8BD0034F241 /* PersistenceManager.swift */ = {isa = PBXFileReference; lastKnownFileType = sourcecode.swift; path = PersistenceManager.swift; sourceTree = "<group>"; };
		721F24B62BACEE5E0034F241 /* FavoriteCell.swift */ = {isa = PBXFileReference; lastKnownFileType = sourcecode.swift; path = FavoriteCell.swift; sourceTree = "<group>"; };
		7220EB692BAB64A1007136E3 /* GFEmptyStateView.swift */ = {isa = PBXFileReference; lastKnownFileType = sourcecode.swift; name = GFEmptyStateView.swift; path = "GHFollowers/Custom Views/Buttons/GFEmptyStateView.swift"; sourceTree = SOURCE_ROOT; };
		723878942BA77C6400D0AB0D /* Follower.swift */ = {isa = PBXFileReference; lastKnownFileType = sourcecode.swift; path = Follower.swift; sourceTree = "<group>"; };
		723878962BA77CE300D0AB0D /* User.swift */ = {isa = PBXFileReference; lastKnownFileType = sourcecode.swift; path = User.swift; sourceTree = "<group>"; };
		723878992BA7816800D0AB0D /* NetworkManager.swift */ = {isa = PBXFileReference; lastKnownFileType = sourcecode.swift; path = NetworkManager.swift; sourceTree = "<group>"; };
		7238789C2BA78AA100D0AB0D /* GFError.swift */ = {isa = PBXFileReference; lastKnownFileType = sourcecode.swift; path = GFError.swift; sourceTree = "<group>"; };
		7238789F2BA78F1B00D0AB0D /* FollowerCell.swift */ = {isa = PBXFileReference; lastKnownFileType = sourcecode.swift; path = FollowerCell.swift; sourceTree = "<group>"; };
		723878A12BA78F6B00D0AB0D /* GFAvatarImageView.swift */ = {isa = PBXFileReference; lastKnownFileType = sourcecode.swift; path = GFAvatarImageView.swift; sourceTree = "<group>"; };
		723878A52BA8CCF000D0AB0D /* UIHelper.swift */ = {isa = PBXFileReference; lastKnownFileType = sourcecode.swift; path = UIHelper.swift; sourceTree = "<group>"; };
		7245DC8E2BAC987700F18C15 /* UserInfoViewController.swift */ = {isa = PBXFileReference; lastKnownFileType = sourcecode.swift; path = UserInfoViewController.swift; sourceTree = "<group>"; };
		7245DC902BACA97600F18C15 /* GFUserInfoHeaderViewController.swift */ = {isa = PBXFileReference; lastKnownFileType = sourcecode.swift; path = GFUserInfoHeaderViewController.swift; sourceTree = "<group>"; };
		7245DC922BACA9B100F18C15 /* GFSecondaryTitleLabel.swift */ = {isa = PBXFileReference; lastKnownFileType = sourcecode.swift; path = GFSecondaryTitleLabel.swift; sourceTree = "<group>"; };
		7245DC942BACAF0F00F18C15 /* Constants.swift */ = {isa = PBXFileReference; lastKnownFileType = sourcecode.swift; path = Constants.swift; sourceTree = "<group>"; };
		7245DC982BACB74800F18C15 /* GFItemInfoView.swift */ = {isa = PBXFileReference; lastKnownFileType = sourcecode.swift; path = GFItemInfoView.swift; sourceTree = "<group>"; };
		7245DC9A2BACBB2D00F18C15 /* GFItemInfoViewController.swift */ = {isa = PBXFileReference; lastKnownFileType = sourcecode.swift; path = GFItemInfoViewController.swift; sourceTree = "<group>"; };
		7245DC9C2BACBE5600F18C15 /* GFRepoItemVC.swift */ = {isa = PBXFileReference; lastKnownFileType = sourcecode.swift; path = GFRepoItemVC.swift; sourceTree = "<group>"; };
		7245DC9E2BACC02100F18C15 /* GFFollowerItemVC.swift */ = {isa = PBXFileReference; lastKnownFileType = sourcecode.swift; path = GFFollowerItemVC.swift; sourceTree = "<group>"; };
		7245DCA12BACC2EE00F18C15 /* Date+Ext.swift */ = {isa = PBXFileReference; lastKnownFileType = sourcecode.swift; path = "Date+Ext.swift"; sourceTree = "<group>"; };
		7263DA8E2BAF08780049DCAB /* GFDataLoadingViewController.swift */ = {isa = PBXFileReference; lastKnownFileType = sourcecode.swift; path = GFDataLoadingViewController.swift; sourceTree = "<group>"; };
		7263DA902BAF10110049DCAB /* UIView+Ext.swift */ = {isa = PBXFileReference; lastKnownFileType = sourcecode.swift; path = "UIView+Ext.swift"; sourceTree = "<group>"; };
		7263DA922BAF16C20049DCAB /* UITableView+Ext.swift */ = {isa = PBXFileReference; lastKnownFileType = sourcecode.swift; path = "UITableView+Ext.swift"; sourceTree = "<group>"; };
		729D88552BA72D6700E72AAB /* GFTitleLabel.swift */ = {isa = PBXFileReference; lastKnownFileType = sourcecode.swift; path = GFTitleLabel.swift; sourceTree = "<group>"; };
		729D88572BA72EA600E72AAB /* GFBodyLabel.swift */ = {isa = PBXFileReference; lastKnownFileType = sourcecode.swift; path = GFBodyLabel.swift; sourceTree = "<group>"; };
		729D88592BA72F5B00E72AAB /* GFAlertViewController.swift */ = {isa = PBXFileReference; lastKnownFileType = sourcecode.swift; path = GFAlertViewController.swift; sourceTree = "<group>"; };
		729D885B2BA7330500E72AAB /* UIViewController+Ext.swift */ = {isa = PBXFileReference; lastKnownFileType = sourcecode.swift; path = "UIViewController+Ext.swift"; sourceTree = "<group>"; };
		72A9B9B02BADA63700B126D1 /* GFTabBarController.swift */ = {isa = PBXFileReference; lastKnownFileType = sourcecode.swift; path = GFTabBarController.swift; sourceTree = "<group>"; };
		72A9B9B22BADABF600B126D1 /* GFAlertContainerView.swift */ = {isa = PBXFileReference; lastKnownFileType = sourcecode.swift; path = GFAlertContainerView.swift; sourceTree = "<group>"; };
		72F911082BA3817900666638 /* GHFollowers.app */ = {isa = PBXFileReference; explicitFileType = wrapper.application; includeInIndex = 0; path = GHFollowers.app; sourceTree = BUILT_PRODUCTS_DIR; };
		72F9110B2BA3817900666638 /* AppDelegate.swift */ = {isa = PBXFileReference; lastKnownFileType = sourcecode.swift; path = AppDelegate.swift; sourceTree = "<group>"; };
		72F9110D2BA3817900666638 /* SceneDelegate.swift */ = {isa = PBXFileReference; lastKnownFileType = sourcecode.swift; path = SceneDelegate.swift; sourceTree = "<group>"; };
		72F911142BA3817B00666638 /* Assets.xcassets */ = {isa = PBXFileReference; lastKnownFileType = folder.assetcatalog; path = Assets.xcassets; sourceTree = "<group>"; };
		72F911172BA3817B00666638 /* Base */ = {isa = PBXFileReference; lastKnownFileType = file.storyboard; name = Base; path = Base.lproj/LaunchScreen.storyboard; sourceTree = "<group>"; };
		72F911192BA3817B00666638 /* Info.plist */ = {isa = PBXFileReference; lastKnownFileType = text.plist.xml; path = Info.plist; sourceTree = "<group>"; };
		72F9111F2BA386E200666638 /* SearchViewController.swift */ = {isa = PBXFileReference; lastKnownFileType = sourcecode.swift; path = SearchViewController.swift; sourceTree = "<group>"; };
		72F911212BA3870400666638 /* FavoritesListViewController.swift */ = {isa = PBXFileReference; lastKnownFileType = sourcecode.swift; path = FavoritesListViewController.swift; sourceTree = "<group>"; };
		72F911232BA445E500666638 /* GFButton.swift */ = {isa = PBXFileReference; lastKnownFileType = sourcecode.swift; path = GFButton.swift; sourceTree = "<group>"; };
		72F911252BA44D3500666638 /* GFTextField.swift */ = {isa = PBXFileReference; lastKnownFileType = sourcecode.swift; path = GFTextField.swift; sourceTree = "<group>"; };
		72F911292BA4564400666638 /* FollowerListViewController.swift */ = {isa = PBXFileReference; lastKnownFileType = sourcecode.swift; path = FollowerListViewController.swift; sourceTree = "<group>"; };
/* End PBXFileReference section */

/* Begin PBXFrameworksBuildPhase section */
		72F911052BA3817900666638 /* Frameworks */ = {
			isa = PBXFrameworksBuildPhase;
			buildActionMask = 2147483647;
			files = (
			);
			runOnlyForDeploymentPostprocessing = 0;
		};
/* End PBXFrameworksBuildPhase section */

/* Begin PBXGroup section */
		7220EB632BAB643F007136E3 /* Views */ = {
			isa = PBXGroup;
			children = (
				7220EB692BAB64A1007136E3 /* GFEmptyStateView.swift */,
				7245DC982BACB74800F18C15 /* GFItemInfoView.swift */,
				72A9B9B22BADABF600B126D1 /* GFAlertContainerView.swift */,
			);
			path = Views;
			sourceTree = "<group>";
		};
		7220EB642BAB6445007136E3 /* Buttons */ = {
			isa = PBXGroup;
			children = (
				72F911232BA445E500666638 /* GFButton.swift */,
			);
			path = Buttons;
			sourceTree = "<group>";
		};
		7220EB652BAB6449007136E3 /* TextFields */ = {
			isa = PBXGroup;
			children = (
				72F911252BA44D3500666638 /* GFTextField.swift */,
			);
			path = TextFields;
			sourceTree = "<group>";
		};
		7220EB662BAB6453007136E3 /* ImageViews */ = {
			isa = PBXGroup;
			children = (
				723878A12BA78F6B00D0AB0D /* GFAvatarImageView.swift */,
			);
			path = ImageViews;
			sourceTree = "<group>";
		};
		7220EB672BAB6459007136E3 /* ViewControllers */ = {
			isa = PBXGroup;
			children = (
				7245DCA02BACC06900F18C15 /* ItemInfoVCs */,
				729D88592BA72F5B00E72AAB /* GFAlertViewController.swift */,
				7245DC902BACA97600F18C15 /* GFUserInfoHeaderViewController.swift */,
				7263DA8E2BAF08780049DCAB /* GFDataLoadingViewController.swift */,
			);
			path = ViewControllers;
			sourceTree = "<group>";
		};
		7220EB682BAB6480007136E3 /* Labels */ = {
			isa = PBXGroup;
			children = (
				729D88552BA72D6700E72AAB /* GFTitleLabel.swift */,
				729D88572BA72EA600E72AAB /* GFBodyLabel.swift */,
				7245DC922BACA9B100F18C15 /* GFSecondaryTitleLabel.swift */,
			);
			path = Labels;
			sourceTree = "<group>";
		};
		7238788F2BA777EC00D0AB0D /* Screens */ = {
			isa = PBXGroup;
			children = (
				72F911212BA3870400666638 /* FavoritesListViewController.swift */,
				72F911292BA4564400666638 /* FollowerListViewController.swift */,
				72F9111F2BA386E200666638 /* SearchViewController.swift */,
				7245DC8E2BAC987700F18C15 /* UserInfoViewController.swift */,
			);
			path = Screens;
			sourceTree = "<group>";
		};
		723878902BA7780C00D0AB0D /* Custom Views */ = {
			isa = PBXGroup;
			children = (
				72A9B9AF2BADA61D00B126D1 /* TabBarControllers */,
				7220EB682BAB6480007136E3 /* Labels */,
				7220EB672BAB6459007136E3 /* ViewControllers */,
				7220EB662BAB6453007136E3 /* ImageViews */,
				7220EB652BAB6449007136E3 /* TextFields */,
				7220EB642BAB6445007136E3 /* Buttons */,
				7220EB632BAB643F007136E3 /* Views */,
				7238789E2BA78F0300D0AB0D /* Cells */,
			);
			path = "Custom Views";
			sourceTree = "<group>";
		};
		723878912BA7783600D0AB0D /* Extensions */ = {
			isa = PBXGroup;
			children = (
				729D885B2BA7330500E72AAB /* UIViewController+Ext.swift */,
				7263DA902BAF10110049DCAB /* UIView+Ext.swift */,
				7245DCA12BACC2EE00F18C15 /* Date+Ext.swift */,
				7263DA922BAF16C20049DCAB /* UITableView+Ext.swift */,
			);
			path = Extensions;
			sourceTree = "<group>";
		};
		723878922BA7787300D0AB0D /* Support */ = {
			isa = PBXGroup;
			children = (
				72F9110B2BA3817900666638 /* AppDelegate.swift */,
				72F9110D2BA3817900666638 /* SceneDelegate.swift */,
				72F911162BA3817B00666638 /* LaunchScreen.storyboard */,
				72F911142BA3817B00666638 /* Assets.xcassets */,
			);
			path = Support;
			sourceTree = "<group>";
		};
		723878932BA77C5800D0AB0D /* Model */ = {
			isa = PBXGroup;
			children = (
				723878942BA77C6400D0AB0D /* Follower.swift */,
				723878962BA77CE300D0AB0D /* User.swift */,
			);
			path = Model;
			sourceTree = "<group>";
		};
		723878982BA7815900D0AB0D /* Managers */ = {
			isa = PBXGroup;
			children = (
				723878992BA7816800D0AB0D /* NetworkManager.swift */,
				721F24B42BACE8BD0034F241 /* PersistenceManager.swift */,
			);
			path = Managers;
			sourceTree = "<group>";
		};
		7238789B2BA78A9200D0AB0D /* Utilities */ = {
			isa = PBXGroup;
			children = (
				7238789C2BA78AA100D0AB0D /* GFError.swift */,
				723878A52BA8CCF000D0AB0D /* UIHelper.swift */,
				7245DC942BACAF0F00F18C15 /* Constants.swift */,
			);
			path = Utilities;
			sourceTree = "<group>";
		};
		7238789E2BA78F0300D0AB0D /* Cells */ = {
			isa = PBXGroup;
			children = (
				7238789F2BA78F1B00D0AB0D /* FollowerCell.swift */,
				721F24B62BACEE5E0034F241 /* FavoriteCell.swift */,
			);
			path = Cells;
			sourceTree = "<group>";
		};
		7245DCA02BACC06900F18C15 /* ItemInfoVCs */ = {
			isa = PBXGroup;
			children = (
				7245DC9A2BACBB2D00F18C15 /* GFItemInfoViewController.swift */,
				7245DC9C2BACBE5600F18C15 /* GFRepoItemVC.swift */,
				7245DC9E2BACC02100F18C15 /* GFFollowerItemVC.swift */,
			);
			path = ItemInfoVCs;
			sourceTree = "<group>";
		};
		72A9B9AF2BADA61D00B126D1 /* TabBarControllers */ = {
			isa = PBXGroup;
			children = (
				72A9B9B02BADA63700B126D1 /* GFTabBarController.swift */,
			);
			path = TabBarControllers;
			sourceTree = "<group>";
		};
		72F910FF2BA3817900666638 = {
			isa = PBXGroup;
			children = (
				72F9110A2BA3817900666638 /* GHFollowers */,
				72F911092BA3817900666638 /* Products */,
			);
			sourceTree = "<group>";
		};
		72F911092BA3817900666638 /* Products */ = {
			isa = PBXGroup;
			children = (
				72F911082BA3817900666638 /* GHFollowers.app */,
			);
			name = Products;
			sourceTree = "<group>";
		};
		72F9110A2BA3817900666638 /* GHFollowers */ = {
			isa = PBXGroup;
			children = (
				7238789B2BA78A9200D0AB0D /* Utilities */,
				723878982BA7815900D0AB0D /* Managers */,
				723878932BA77C5800D0AB0D /* Model */,
				723878922BA7787300D0AB0D /* Support */,
				723878912BA7783600D0AB0D /* Extensions */,
				723878902BA7780C00D0AB0D /* Custom Views */,
				7238788F2BA777EC00D0AB0D /* Screens */,
				72F911192BA3817B00666638 /* Info.plist */,
			);
			path = GHFollowers;
			sourceTree = "<group>";
		};
/* End PBXGroup section */

/* Begin PBXNativeTarget section */
		72F911072BA3817900666638 /* GHFollowers */ = {
			isa = PBXNativeTarget;
			buildConfigurationList = 72F9111C2BA3817B00666638 /* Build configuration list for PBXNativeTarget "GHFollowers" */;
			buildPhases = (
				72F911042BA3817900666638 /* Sources */,
				72F911052BA3817900666638 /* Frameworks */,
				72F911062BA3817900666638 /* Resources */,
			);
			buildRules = (
			);
			dependencies = (
			);
			name = GHFollowers;
			productName = GHFollowers;
			productReference = 72F911082BA3817900666638 /* GHFollowers.app */;
			productType = "com.apple.product-type.application";
		};
/* End PBXNativeTarget section */

/* Begin PBXProject section */
		72F911002BA3817900666638 /* Project object */ = {
			isa = PBXProject;
			attributes = {
				BuildIndependentTargetsInParallel = 1;
				LastSwiftUpdateCheck = 1510;
				LastUpgradeCheck = 1510;
				TargetAttributes = {
					72F911072BA3817900666638 = {
						CreatedOnToolsVersion = 15.1;
					};
				};
			};
			buildConfigurationList = 72F911032BA3817900666638 /* Build configuration list for PBXProject "GHFollowers" */;
			compatibilityVersion = "Xcode 14.0";
			developmentRegion = en;
			hasScannedForEncodings = 0;
			knownRegions = (
				en,
				Base,
			);
			mainGroup = 72F910FF2BA3817900666638;
			productRefGroup = 72F911092BA3817900666638 /* Products */;
			projectDirPath = "";
			projectRoot = "";
			targets = (
				72F911072BA3817900666638 /* GHFollowers */,
			);
		};
/* End PBXProject section */

/* Begin PBXResourcesBuildPhase section */
		72F911062BA3817900666638 /* Resources */ = {
			isa = PBXResourcesBuildPhase;
			buildActionMask = 2147483647;
			files = (
				72F911182BA3817B00666638 /* LaunchScreen.storyboard in Resources */,
				72F911152BA3817B00666638 /* Assets.xcassets in Resources */,
			);
			runOnlyForDeploymentPostprocessing = 0;
		};
/* End PBXResourcesBuildPhase section */

/* Begin PBXSourcesBuildPhase section */
		72F911042BA3817900666638 /* Sources */ = {
			isa = PBXSourcesBuildPhase;
			buildActionMask = 2147483647;
			files = (
				72F9112A2BA4564400666638 /* FollowerListViewController.swift in Sources */,
				7245DC8F2BAC987700F18C15 /* UserInfoViewController.swift in Sources */,
				72F911262BA44D3500666638 /* GFTextField.swift in Sources */,
				729D885C2BA7330500E72AAB /* UIViewController+Ext.swift in Sources */,
				72F911202BA386E200666638 /* SearchViewController.swift in Sources */,
				72F911242BA445E500666638 /* GFButton.swift in Sources */,
				7220EB6A2BAB64A1007136E3 /* GFEmptyStateView.swift in Sources */,
				7245DC932BACA9B100F18C15 /* GFSecondaryTitleLabel.swift in Sources */,
				72F9110C2BA3817900666638 /* AppDelegate.swift in Sources */,
				723878972BA77CE300D0AB0D /* User.swift in Sources */,
				7263DA8F2BAF08780049DCAB /* GFDataLoadingViewController.swift in Sources */,
				723878A02BA78F1B00D0AB0D /* FollowerCell.swift in Sources */,
				723878A22BA78F6B00D0AB0D /* GFAvatarImageView.swift in Sources */,
				721F24B52BACE8BD0034F241 /* PersistenceManager.swift in Sources */,
				721F24B72BACEE5E0034F241 /* FavoriteCell.swift in Sources */,
				729D885A2BA72F5B00E72AAB /* GFAlertViewController.swift in Sources */,
				723878952BA77C6400D0AB0D /* Follower.swift in Sources */,
				72A9B9B32BADABF600B126D1 /* GFAlertContainerView.swift in Sources */,
				72F911222BA3870400666638 /* FavoritesListViewController.swift in Sources */,
				729D88562BA72D6700E72AAB /* GFTitleLabel.swift in Sources */,
				7245DC9D2BACBE5600F18C15 /* GFRepoItemVC.swift in Sources */,
				72F9110E2BA3817900666638 /* SceneDelegate.swift in Sources */,
				7238789D2BA78AA100D0AB0D /* GFError.swift in Sources */,
				723878A62BA8CCF000D0AB0D /* UIHelper.swift in Sources */,
				7245DC9F2BACC02100F18C15 /* GFFollowerItemVC.swift in Sources */,
				7238789A2BA7816800D0AB0D /* NetworkManager.swift in Sources */,
				7245DC9B2BACBB2D00F18C15 /* GFItemInfoViewController.swift in Sources */,
				7245DCA22BACC2EE00F18C15 /* Date+Ext.swift in Sources */,
				7263DA912BAF10110049DCAB /* UIView+Ext.swift in Sources */,
				729D88582BA72EA600E72AAB /* GFBodyLabel.swift in Sources */,
				7245DC992BACB74800F18C15 /* GFItemInfoView.swift in Sources */,
				7245DC912BACA97600F18C15 /* GFUserInfoHeaderViewController.swift in Sources */,
				7263DA932BAF16C20049DCAB /* UITableView+Ext.swift in Sources */,
				7245DC952BACAF0F00F18C15 /* Constants.swift in Sources */,
				72A9B9B12BADA63700B126D1 /* GFTabBarController.swift in Sources */,
			);
			runOnlyForDeploymentPostprocessing = 0;
		};
/* End PBXSourcesBuildPhase section */

/* Begin PBXVariantGroup section */
		72F911162BA3817B00666638 /* LaunchScreen.storyboard */ = {
			isa = PBXVariantGroup;
			children = (
				72F911172BA3817B00666638 /* Base */,
			);
			name = LaunchScreen.storyboard;
			sourceTree = "<group>";
		};
/* End PBXVariantGroup section */

/* Begin XCBuildConfiguration section */
		72F9111A2BA3817B00666638 /* Debug */ = {
			isa = XCBuildConfiguration;
			buildSettings = {
				ALWAYS_SEARCH_USER_PATHS = NO;
				ASSETCATALOG_COMPILER_GENERATE_SWIFT_ASSET_SYMBOL_EXTENSIONS = YES;
				CLANG_ANALYZER_NONNULL = YES;
				CLANG_ANALYZER_NUMBER_OBJECT_CONVERSION = YES_AGGRESSIVE;
				CLANG_CXX_LANGUAGE_STANDARD = "gnu++20";
				CLANG_ENABLE_MODULES = YES;
				CLANG_ENABLE_OBJC_ARC = YES;
				CLANG_ENABLE_OBJC_WEAK = YES;
				CLANG_WARN_BLOCK_CAPTURE_AUTORELEASING = YES;
				CLANG_WARN_BOOL_CONVERSION = YES;
				CLANG_WARN_COMMA = YES;
				CLANG_WARN_CONSTANT_CONVERSION = YES;
				CLANG_WARN_DEPRECATED_OBJC_IMPLEMENTATIONS = YES;
				CLANG_WARN_DIRECT_OBJC_ISA_USAGE = YES_ERROR;
				CLANG_WARN_DOCUMENTATION_COMMENTS = YES;
				CLANG_WARN_EMPTY_BODY = YES;
				CLANG_WARN_ENUM_CONVERSION = YES;
				CLANG_WARN_INFINITE_RECURSION = YES;
				CLANG_WARN_INT_CONVERSION = YES;
				CLANG_WARN_NON_LITERAL_NULL_CONVERSION = YES;
				CLANG_WARN_OBJC_IMPLICIT_RETAIN_SELF = YES;
				CLANG_WARN_OBJC_LITERAL_CONVERSION = YES;
				CLANG_WARN_OBJC_ROOT_CLASS = YES_ERROR;
				CLANG_WARN_QUOTED_INCLUDE_IN_FRAMEWORK_HEADER = YES;
				CLANG_WARN_RANGE_LOOP_ANALYSIS = YES;
				CLANG_WARN_STRICT_PROTOTYPES = YES;
				CLANG_WARN_SUSPICIOUS_MOVE = YES;
				CLANG_WARN_UNGUARDED_AVAILABILITY = YES_AGGRESSIVE;
				CLANG_WARN_UNREACHABLE_CODE = YES;
				CLANG_WARN__DUPLICATE_METHOD_MATCH = YES;
				COPY_PHASE_STRIP = NO;
				DEBUG_INFORMATION_FORMAT = dwarf;
				ENABLE_STRICT_OBJC_MSGSEND = YES;
				ENABLE_TESTABILITY = YES;
				ENABLE_USER_SCRIPT_SANDBOXING = YES;
				GCC_C_LANGUAGE_STANDARD = gnu17;
				GCC_DYNAMIC_NO_PIC = NO;
				GCC_NO_COMMON_BLOCKS = YES;
				GCC_OPTIMIZATION_LEVEL = 0;
				GCC_PREPROCESSOR_DEFINITIONS = (
					"DEBUG=1",
					"$(inherited)",
				);
				GCC_WARN_64_TO_32_BIT_CONVERSION = YES;
				GCC_WARN_ABOUT_RETURN_TYPE = YES_ERROR;
				GCC_WARN_UNDECLARED_SELECTOR = YES;
				GCC_WARN_UNINITIALIZED_AUTOS = YES_AGGRESSIVE;
				GCC_WARN_UNUSED_FUNCTION = YES;
				GCC_WARN_UNUSED_VARIABLE = YES;
				IPHONEOS_DEPLOYMENT_TARGET = 17.2;
				LOCALIZATION_PREFERS_STRING_CATALOGS = YES;
				MTL_ENABLE_DEBUG_INFO = INCLUDE_SOURCE;
				MTL_FAST_MATH = YES;
				ONLY_ACTIVE_ARCH = YES;
				SDKROOT = iphoneos;
				SWIFT_ACTIVE_COMPILATION_CONDITIONS = "DEBUG $(inherited)";
				SWIFT_OPTIMIZATION_LEVEL = "-Onone";
			};
			name = Debug;
		};
		72F9111B2BA3817B00666638 /* Release */ = {
			isa = XCBuildConfiguration;
			buildSettings = {
				ALWAYS_SEARCH_USER_PATHS = NO;
				ASSETCATALOG_COMPILER_GENERATE_SWIFT_ASSET_SYMBOL_EXTENSIONS = YES;
				CLANG_ANALYZER_NONNULL = YES;
				CLANG_ANALYZER_NUMBER_OBJECT_CONVERSION = YES_AGGRESSIVE;
				CLANG_CXX_LANGUAGE_STANDARD = "gnu++20";
				CLANG_ENABLE_MODULES = YES;
				CLANG_ENABLE_OBJC_ARC = YES;
				CLANG_ENABLE_OBJC_WEAK = YES;
				CLANG_WARN_BLOCK_CAPTURE_AUTORELEASING = YES;
				CLANG_WARN_BOOL_CONVERSION = YES;
				CLANG_WARN_COMMA = YES;
				CLANG_WARN_CONSTANT_CONVERSION = YES;
				CLANG_WARN_DEPRECATED_OBJC_IMPLEMENTATIONS = YES;
				CLANG_WARN_DIRECT_OBJC_ISA_USAGE = YES_ERROR;
				CLANG_WARN_DOCUMENTATION_COMMENTS = YES;
				CLANG_WARN_EMPTY_BODY = YES;
				CLANG_WARN_ENUM_CONVERSION = YES;
				CLANG_WARN_INFINITE_RECURSION = YES;
				CLANG_WARN_INT_CONVERSION = YES;
				CLANG_WARN_NON_LITERAL_NULL_CONVERSION = YES;
				CLANG_WARN_OBJC_IMPLICIT_RETAIN_SELF = YES;
				CLANG_WARN_OBJC_LITERAL_CONVERSION = YES;
				CLANG_WARN_OBJC_ROOT_CLASS = YES_ERROR;
				CLANG_WARN_QUOTED_INCLUDE_IN_FRAMEWORK_HEADER = YES;
				CLANG_WARN_RANGE_LOOP_ANALYSIS = YES;
				CLANG_WARN_STRICT_PROTOTYPES = YES;
				CLANG_WARN_SUSPICIOUS_MOVE = YES;
				CLANG_WARN_UNGUARDED_AVAILABILITY = YES_AGGRESSIVE;
				CLANG_WARN_UNREACHABLE_CODE = YES;
				CLANG_WARN__DUPLICATE_METHOD_MATCH = YES;
				COPY_PHASE_STRIP = NO;
				DEBUG_INFORMATION_FORMAT = "dwarf-with-dsym";
				ENABLE_NS_ASSERTIONS = NO;
				ENABLE_STRICT_OBJC_MSGSEND = YES;
				ENABLE_USER_SCRIPT_SANDBOXING = YES;
				GCC_C_LANGUAGE_STANDARD = gnu17;
				GCC_NO_COMMON_BLOCKS = YES;
				GCC_WARN_64_TO_32_BIT_CONVERSION = YES;
				GCC_WARN_ABOUT_RETURN_TYPE = YES_ERROR;
				GCC_WARN_UNDECLARED_SELECTOR = YES;
				GCC_WARN_UNINITIALIZED_AUTOS = YES_AGGRESSIVE;
				GCC_WARN_UNUSED_FUNCTION = YES;
				GCC_WARN_UNUSED_VARIABLE = YES;
				IPHONEOS_DEPLOYMENT_TARGET = 17.2;
				LOCALIZATION_PREFERS_STRING_CATALOGS = YES;
				MTL_ENABLE_DEBUG_INFO = NO;
				MTL_FAST_MATH = YES;
				SDKROOT = iphoneos;
				SWIFT_COMPILATION_MODE = wholemodule;
				VALIDATE_PRODUCT = YES;
			};
			name = Release;
		};
		72F9111D2BA3817B00666638 /* Debug */ = {
			isa = XCBuildConfiguration;
			buildSettings = {
				ASSETCATALOG_COMPILER_APPICON_NAME = AppIcon;
				ASSETCATALOG_COMPILER_GLOBAL_ACCENT_COLOR_NAME = AccentColor;
				CODE_SIGN_STYLE = Automatic;
				CURRENT_PROJECT_VERSION = 1;
				DEVELOPMENT_TEAM = NJVM2X728T;
				GENERATE_INFOPLIST_FILE = YES;
				INFOPLIST_FILE = GHFollowers/Info.plist;
				INFOPLIST_KEY_UIApplicationSupportsIndirectInputEvents = YES;
				INFOPLIST_KEY_UILaunchStoryboardName = LaunchScreen;
				INFOPLIST_KEY_UISupportedInterfaceOrientations = UIInterfaceOrientationPortrait;
				INFOPLIST_KEY_UISupportedInterfaceOrientations_iPad = "UIInterfaceOrientationLandscapeLeft UIInterfaceOrientationLandscapeRight UIInterfaceOrientationPortrait UIInterfaceOrientationPortraitUpsideDown";
				IPHONEOS_DEPLOYMENT_TARGET = 17.2;
				LD_RUNPATH_SEARCH_PATHS = (
					"$(inherited)",
					"@executable_path/Frameworks",
				);
				MARKETING_VERSION = 1.0;
				PRODUCT_BUNDLE_IDENTIFIER = com.chingizagha.GHFollowers;
				PRODUCT_NAME = "$(TARGET_NAME)";
				SUPPORTED_PLATFORMS = "iphoneos iphonesimulator";
				SUPPORTS_MACCATALYST = NO;
				SUPPORTS_MAC_DESIGNED_FOR_IPHONE_IPAD = NO;
				SWIFT_EMIT_LOC_STRINGS = YES;
				SWIFT_VERSION = 5.0;
				TARGETED_DEVICE_FAMILY = 1;
			};
			name = Debug;
		};
		72F9111E2BA3817B00666638 /* Release */ = {
			isa = XCBuildConfiguration;
			buildSettings = {
				ASSETCATALOG_COMPILER_APPICON_NAME = AppIcon;
				ASSETCATALOG_COMPILER_GLOBAL_ACCENT_COLOR_NAME = AccentColor;
				CODE_SIGN_STYLE = Automatic;
				CURRENT_PROJECT_VERSION = 1;
				DEVELOPMENT_TEAM = NJVM2X728T;
				GENERATE_INFOPLIST_FILE = YES;
				INFOPLIST_FILE = GHFollowers/Info.plist;
				INFOPLIST_KEY_UIApplicationSupportsIndirectInputEvents = YES;
				INFOPLIST_KEY_UILaunchStoryboardName = LaunchScreen;
				INFOPLIST_KEY_UISupportedInterfaceOrientations = UIInterfaceOrientationPortrait;
				INFOPLIST_KEY_UISupportedInterfaceOrientations_iPad = "UIInterfaceOrientationLandscapeLeft UIInterfaceOrientationLandscapeRight UIInterfaceOrientationPortrait UIInterfaceOrientationPortraitUpsideDown";
				IPHONEOS_DEPLOYMENT_TARGET = 17.2;
				LD_RUNPATH_SEARCH_PATHS = (
					"$(inherited)",
					"@executable_path/Frameworks",
				);
				MARKETING_VERSION = 1.0;
				PRODUCT_BUNDLE_IDENTIFIER = com.chingizagha.GHFollowers;
				PRODUCT_NAME = "$(TARGET_NAME)";
				SUPPORTED_PLATFORMS = "iphoneos iphonesimulator";
				SUPPORTS_MACCATALYST = NO;
				SUPPORTS_MAC_DESIGNED_FOR_IPHONE_IPAD = NO;
				SWIFT_EMIT_LOC_STRINGS = YES;
				SWIFT_VERSION = 5.0;
				TARGETED_DEVICE_FAMILY = 1;
			};
			name = Release;
		};
/* End XCBuildConfiguration section */

/* Begin XCConfigurationList section */
		72F911032BA3817900666638 /* Build configuration list for PBXProject "GHFollowers" */ = {
			isa = XCConfigurationList;
			buildConfigurations = (
				72F9111A2BA3817B00666638 /* Debug */,
				72F9111B2BA3817B00666638 /* Release */,
			);
			defaultConfigurationIsVisible = 0;
			defaultConfigurationName = Release;
		};
		72F9111C2BA3817B00666638 /* Build configuration list for PBXNativeTarget "GHFollowers" */ = {
			isa = XCConfigurationList;
			buildConfigurations = (
				72F9111D2BA3817B00666638 /* Debug */,
				72F9111E2BA3817B00666638 /* Release */,
			);
			defaultConfigurationIsVisible = 0;
			defaultConfigurationName = Release;
		};
/* End XCConfigurationList section */
	};
	rootObject = 72F911002BA3817900666638 /* Project object */;
}
